// !$*UTF8*$!
{
	archiveVersion = 1;
	classes = {
	};
	objectVersion = 56;
	objects = {

/* Begin PBXBuildFile section */
		C3A2591B2A5B2D76009607B6 /* HistoryView.swift in Sources */ = {isa = PBXBuildFile; fileRef = C3A2591A2A5B2D76009607B6 /* HistoryView.swift */; };
		C3A2591F2A5BD652009607B6 /* JsonConverter.swift in Sources */ = {isa = PBXBuildFile; fileRef = C3A2591E2A5BD652009607B6 /* JsonConverter.swift */; };
		C3C20E312A5AAE0700C95473 /* calculatorApp.swift in Sources */ = {isa = PBXBuildFile; fileRef = C3C20E302A5AAE0700C95473 /* calculatorApp.swift */; };
		C3C20E332A5AAE0700C95473 /* ContentView.swift in Sources */ = {isa = PBXBuildFile; fileRef = C3C20E322A5AAE0700C95473 /* ContentView.swift */; };
		C3C20E352A5AAE0D00C95473 /* Assets.xcassets in Resources */ = {isa = PBXBuildFile; fileRef = C3C20E342A5AAE0D00C95473 /* Assets.xcassets */; };
		C3C20E382A5AAE0D00C95473 /* Preview Assets.xcassets in Resources */ = {isa = PBXBuildFile; fileRef = C3C20E372A5AAE0D00C95473 /* Preview Assets.xcassets */; };
		C3C20E422A5AAE0E00C95473 /* calculatorTests.swift in Sources */ = {isa = PBXBuildFile; fileRef = C3C20E412A5AAE0E00C95473 /* calculatorTests.swift */; };
		C3C20E4C2A5AAE0E00C95473 /* calculatorUITests.swift in Sources */ = {isa = PBXBuildFile; fileRef = C3C20E4B2A5AAE0E00C95473 /* calculatorUITests.swift */; };
		C3C20E4E2A5AAE0E00C95473 /* calculatorUITestsLaunchTests.swift in Sources */ = {isa = PBXBuildFile; fileRef = C3C20E4D2A5AAE0E00C95473 /* calculatorUITestsLaunchTests.swift */; };
/* End PBXBuildFile section */

/* Begin PBXContainerItemProxy section */
		C3C20E3E2A5AAE0E00C95473 /* PBXContainerItemProxy */ = {
			isa = PBXContainerItemProxy;
			containerPortal = C3C20E252A5AAE0700C95473 /* Project object */;
			proxyType = 1;
			remoteGlobalIDString = C3C20E2C2A5AAE0700C95473;
			remoteInfo = calculator;
		};
		C3C20E482A5AAE0E00C95473 /* PBXContainerItemProxy */ = {
			isa = PBXContainerItemProxy;
			containerPortal = C3C20E252A5AAE0700C95473 /* Project object */;
			proxyType = 1;
			remoteGlobalIDString = C3C20E2C2A5AAE0700C95473;
			remoteInfo = calculator;
		};
/* End PBXContainerItemProxy section */

/* Begin PBXFileReference section */
		C3A2591A2A5B2D76009607B6 /* HistoryView.swift */ = {isa = PBXFileReference; lastKnownFileType = sourcecode.swift; path = HistoryView.swift; sourceTree = "<group>"; };
		C3A2591E2A5BD652009607B6 /* JsonConverter.swift */ = {isa = PBXFileReference; lastKnownFileType = sourcecode.swift; path = JsonConverter.swift; sourceTree = "<group>"; };
		C3C20E2D2A5AAE0700C95473 /* calculator.app */ = {isa = PBXFileReference; explicitFileType = wrapper.application; includeInIndex = 0; path = calculator.app; sourceTree = BUILT_PRODUCTS_DIR; };
		C3C20E302A5AAE0700C95473 /* calculatorApp.swift */ = {isa = PBXFileReference; lastKnownFileType = sourcecode.swift; path = calculatorApp.swift; sourceTree = "<group>"; };
		C3C20E322A5AAE0700C95473 /* ContentView.swift */ = {isa = PBXFileReference; lastKnownFileType = sourcecode.swift; path = ContentView.swift; sourceTree = "<group>"; };
		C3C20E342A5AAE0D00C95473 /* Assets.xcassets */ = {isa = PBXFileReference; lastKnownFileType = folder.assetcatalog; path = Assets.xcassets; sourceTree = "<group>"; };
		C3C20E372A5AAE0D00C95473 /* Preview Assets.xcassets */ = {isa = PBXFileReference; lastKnownFileType = folder.assetcatalog; path = "Preview Assets.xcassets"; sourceTree = "<group>"; };
		C3C20E3D2A5AAE0E00C95473 /* calculatorTests.xctest */ = {isa = PBXFileReference; explicitFileType = wrapper.cfbundle; includeInIndex = 0; path = calculatorTests.xctest; sourceTree = BUILT_PRODUCTS_DIR; };
		C3C20E412A5AAE0E00C95473 /* calculatorTests.swift */ = {isa = PBXFileReference; lastKnownFileType = sourcecode.swift; path = calculatorTests.swift; sourceTree = "<group>"; };
		C3C20E472A5AAE0E00C95473 /* calculatorUITests.xctest */ = {isa = PBXFileReference; explicitFileType = wrapper.cfbundle; includeInIndex = 0; path = calculatorUITests.xctest; sourceTree = BUILT_PRODUCTS_DIR; };
		C3C20E4B2A5AAE0E00C95473 /* calculatorUITests.swift */ = {isa = PBXFileReference; lastKnownFileType = sourcecode.swift; path = calculatorUITests.swift; sourceTree = "<group>"; };
		C3C20E4D2A5AAE0E00C95473 /* calculatorUITestsLaunchTests.swift */ = {isa = PBXFileReference; lastKnownFileType = sourcecode.swift; path = calculatorUITestsLaunchTests.swift; sourceTree = "<group>"; };
/* End PBXFileReference section */

/* Begin PBXFrameworksBuildPhase section */
		C3C20E2A2A5AAE0700C95473 /* Frameworks */ = {
			isa = PBXFrameworksBuildPhase;
			buildActionMask = 2147483647;
			files = (
			);
			runOnlyForDeploymentPostprocessing = 0;
		};
		C3C20E3A2A5AAE0E00C95473 /* Frameworks */ = {
			isa = PBXFrameworksBuildPhase;
			buildActionMask = 2147483647;
			files = (
			);
			runOnlyForDeploymentPostprocessing = 0;
		};
		C3C20E442A5AAE0E00C95473 /* Frameworks */ = {
			isa = PBXFrameworksBuildPhase;
			buildActionMask = 2147483647;
			files = (
			);
			runOnlyForDeploymentPostprocessing = 0;
		};
/* End PBXFrameworksBuildPhase section */

/* Begin PBXGroup section */
		C3C20E242A5AAE0700C95473 = {
			isa = PBXGroup;
			children = (
				C3C20E2F2A5AAE0700C95473 /* calculator */,
				C3C20E402A5AAE0E00C95473 /* calculatorTests */,
				C3C20E4A2A5AAE0E00C95473 /* calculatorUITests */,
				C3C20E2E2A5AAE0700C95473 /* Products */,
			);
			sourceTree = "<group>";
		};
		C3C20E2E2A5AAE0700C95473 /* Products */ = {
			isa = PBXGroup;
			children = (
				C3C20E2D2A5AAE0700C95473 /* calculator.app */,
				C3C20E3D2A5AAE0E00C95473 /* calculatorTests.xctest */,
				C3C20E472A5AAE0E00C95473 /* calculatorUITests.xctest */,
			);
			name = Products;
			sourceTree = "<group>";
		};
		C3C20E2F2A5AAE0700C95473 /* calculator */ = {
			isa = PBXGroup;
			children = (
				C3C20E302A5AAE0700C95473 /* calculatorApp.swift */,
				C3C20E322A5AAE0700C95473 /* ContentView.swift */,
				C3C20E342A5AAE0D00C95473 /* Assets.xcassets */,
				C3C20E362A5AAE0D00C95473 /* Preview Content */,
				C3A2591A2A5B2D76009607B6 /* HistoryView.swift */,
				C3A2591E2A5BD652009607B6 /* JsonConverter.swift */,
			);
			path = calculator;
			sourceTree = "<group>";
		};
		C3C20E362A5AAE0D00C95473 /* Preview Content */ = {
			isa = PBXGroup;
			children = (
				C3C20E372A5AAE0D00C95473 /* Preview Assets.xcassets */,
			);
			path = "Preview Content";
			sourceTree = "<group>";
		};
		C3C20E402A5AAE0E00C95473 /* calculatorTests */ = {
			isa = PBXGroup;
			children = (
				C3C20E412A5AAE0E00C95473 /* calculatorTests.swift */,
			);
			path = calculatorTests;
			sourceTree = "<group>";
		};
		C3C20E4A2A5AAE0E00C95473 /* calculatorUITests */ = {
			isa = PBXGroup;
			children = (
				C3C20E4B2A5AAE0E00C95473 /* calculatorUITests.swift */,
				C3C20E4D2A5AAE0E00C95473 /* calculatorUITestsLaunchTests.swift */,
			);
			path = calculatorUITests;
			sourceTree = "<group>";
		};
/* End PBXGroup section */

/* Begin PBXNativeTarget section */
		C3C20E2C2A5AAE0700C95473 /* calculator */ = {
			isa = PBXNativeTarget;
			buildConfigurationList = C3C20E512A5AAE0E00C95473 /* Build configuration list for PBXNativeTarget "calculator" */;
			buildPhases = (
				C3C20E292A5AAE0700C95473 /* Sources */,
				C3C20E2A2A5AAE0700C95473 /* Frameworks */,
				C3C20E2B2A5AAE0700C95473 /* Resources */,
			);
			buildRules = (
			);
			dependencies = (
			);
			name = calculator;
			productName = calculator;
			productReference = C3C20E2D2A5AAE0700C95473 /* calculator.app */;
			productType = "com.apple.product-type.application";
		};
		C3C20E3C2A5AAE0E00C95473 /* calculatorTests */ = {
			isa = PBXNativeTarget;
			buildConfigurationList = C3C20E542A5AAE0E00C95473 /* Build configuration list for PBXNativeTarget "calculatorTests" */;
			buildPhases = (
				C3C20E392A5AAE0E00C95473 /* Sources */,
				C3C20E3A2A5AAE0E00C95473 /* Frameworks */,
				C3C20E3B2A5AAE0E00C95473 /* Resources */,
			);
			buildRules = (
			);
			dependencies = (
				C3C20E3F2A5AAE0E00C95473 /* PBXTargetDependency */,
			);
			name = calculatorTests;
			productName = calculatorTests;
			productReference = C3C20E3D2A5AAE0E00C95473 /* calculatorTests.xctest */;
			productType = "com.apple.product-type.bundle.unit-test";
		};
		C3C20E462A5AAE0E00C95473 /* calculatorUITests */ = {
			isa = PBXNativeTarget;
			buildConfigurationList = C3C20E572A5AAE0E00C95473 /* Build configuration list for PBXNativeTarget "calculatorUITests" */;
			buildPhases = (
				C3C20E432A5AAE0E00C95473 /* Sources */,
				C3C20E442A5AAE0E00C95473 /* Frameworks */,
				C3C20E452A5AAE0E00C95473 /* Resources */,
			);
			buildRules = (
			);
			dependencies = (
				C3C20E492A5AAE0E00C95473 /* PBXTargetDependency */,
			);
			name = calculatorUITests;
			productName = calculatorUITests;
			productReference = C3C20E472A5AAE0E00C95473 /* calculatorUITests.xctest */;
			productType = "com.apple.product-type.bundle.ui-testing";
		};
/* End PBXNativeTarget section */

/* Begin PBXProject section */
		C3C20E252A5AAE0700C95473 /* Project object */ = {
			isa = PBXProject;
			attributes = {
				BuildIndependentTargetsInParallel = 1;
				LastSwiftUpdateCheck = 1420;
				LastUpgradeCheck = 1420;
				TargetAttributes = {
					C3C20E2C2A5AAE0700C95473 = {
						CreatedOnToolsVersion = 14.2;
					};
					C3C20E3C2A5AAE0E00C95473 = {
						CreatedOnToolsVersion = 14.2;
						TestTargetID = C3C20E2C2A5AAE0700C95473;
					};
					C3C20E462A5AAE0E00C95473 = {
						CreatedOnToolsVersion = 14.2;
						TestTargetID = C3C20E2C2A5AAE0700C95473;
					};
				};
			};
			buildConfigurationList = C3C20E282A5AAE0700C95473 /* Build configuration list for PBXProject "calculator" */;
			compatibilityVersion = "Xcode 14.0";
			developmentRegion = en;
			hasScannedForEncodings = 0;
			knownRegions = (
				en,
				Base,
			);
			mainGroup = C3C20E242A5AAE0700C95473;
			productRefGroup = C3C20E2E2A5AAE0700C95473 /* Products */;
			projectDirPath = "";
			projectRoot = "";
			targets = (
				C3C20E2C2A5AAE0700C95473 /* calculator */,
				C3C20E3C2A5AAE0E00C95473 /* calculatorTests */,
				C3C20E462A5AAE0E00C95473 /* calculatorUITests */,
			);
		};
/* End PBXProject section */

/* Begin PBXResourcesBuildPhase section */
		C3C20E2B2A5AAE0700C95473 /* Resources */ = {
			isa = PBXResourcesBuildPhase;
			buildActionMask = 2147483647;
			files = (
				C3C20E382A5AAE0D00C95473 /* Preview Assets.xcassets in Resources */,
				C3C20E352A5AAE0D00C95473 /* Assets.xcassets in Resources */,
			);
			runOnlyForDeploymentPostprocessing = 0;
		};
		C3C20E3B2A5AAE0E00C95473 /* Resources */ = {
			isa = PBXResourcesBuildPhase;
			buildActionMask = 2147483647;
			files = (
			);
			runOnlyForDeploymentPostprocessing = 0;
		};
		C3C20E452A5AAE0E00C95473 /* Resources */ = {
			isa = PBXResourcesBuildPhase;
			buildActionMask = 2147483647;
			files = (
			);
			runOnlyForDeploymentPostprocessing = 0;
		};
/* End PBXResourcesBuildPhase section */

/* Begin PBXSourcesBuildPhase section */
		C3C20E292A5AAE0700C95473 /* Sources */ = {
			isa = PBXSourcesBuildPhase;
			buildActionMask = 2147483647;
			files = (
				C3A2591F2A5BD652009607B6 /* JsonConverter.swift in Sources */,
				C3C20E332A5AAE0700C95473 /* ContentView.swift in Sources */,
				C3A2591B2A5B2D76009607B6 /* HistoryView.swift in Sources */,
				C3C20E312A5AAE0700C95473 /* calculatorApp.swift in Sources */,
			);
			runOnlyForDeploymentPostprocessing = 0;
		};
		C3C20E392A5AAE0E00C95473 /* Sources */ = {
			isa = PBXSourcesBuildPhase;
			buildActionMask = 2147483647;
			files = (
				C3C20E422A5AAE0E00C95473 /* calculatorTests.swift in Sources */,
			);
			runOnlyForDeploymentPostprocessing = 0;
		};
		C3C20E432A5AAE0E00C95473 /* Sources */ = {
			isa = PBXSourcesBuildPhase;
			buildActionMask = 2147483647;
			files = (
				C3C20E4E2A5AAE0E00C95473 /* calculatorUITestsLaunchTests.swift in Sources */,
				C3C20E4C2A5AAE0E00C95473 /* calculatorUITests.swift in Sources */,
			);
			runOnlyForDeploymentPostprocessing = 0;
		};
/* End PBXSourcesBuildPhase section */

/* Begin PBXTargetDependency section */
		C3C20E3F2A5AAE0E00C95473 /* PBXTargetDependency */ = {
			isa = PBXTargetDependency;
			target = C3C20E2C2A5AAE0700C95473 /* calculator */;
			targetProxy = C3C20E3E2A5AAE0E00C95473 /* PBXContainerItemProxy */;
		};
		C3C20E492A5AAE0E00C95473 /* PBXTargetDependency */ = {
			isa = PBXTargetDependency;
			target = C3C20E2C2A5AAE0700C95473 /* calculator */;
			targetProxy = C3C20E482A5AAE0E00C95473 /* PBXContainerItemProxy */;
		};
/* End PBXTargetDependency section */

/* Begin XCBuildConfiguration section */
		C3C20E4F2A5AAE0E00C95473 /* Debug */ = {
			isa = XCBuildConfiguration;
			buildSettings = {
				ALWAYS_SEARCH_USER_PATHS = NO;
				CLANG_ANALYZER_NONNULL = YES;
				CLANG_ANALYZER_NUMBER_OBJECT_CONVERSION = YES_AGGRESSIVE;
				CLANG_CXX_LANGUAGE_STANDARD = "gnu++20";
				CLANG_ENABLE_MODULES = YES;
				CLANG_ENABLE_OBJC_ARC = YES;
				CLANG_ENABLE_OBJC_WEAK = YES;
				CLANG_WARN_BLOCK_CAPTURE_AUTORELEASING = YES;
				CLANG_WARN_BOOL_CONVERSION = YES;
				CLANG_WARN_COMMA = YES;
				CLANG_WARN_CONSTANT_CONVERSION = YES;
				CLANG_WARN_DEPRECATED_OBJC_IMPLEMENTATIONS = YES;
				CLANG_WARN_DIRECT_OBJC_ISA_USAGE = YES_ERROR;
				CLANG_WARN_DOCUMENTATION_COMMENTS = YES;
				CLANG_WARN_EMPTY_BODY = YES;
				CLANG_WARN_ENUM_CONVERSION = YES;
				CLANG_WARN_INFINITE_RECURSION = YES;
				CLANG_WARN_INT_CONVERSION = YES;
				CLANG_WARN_NON_LITERAL_NULL_CONVERSION = YES;
				CLANG_WARN_OBJC_IMPLICIT_RETAIN_SELF = YES;
				CLANG_WARN_OBJC_LITERAL_CONVERSION = YES;
				CLANG_WARN_OBJC_ROOT_CLASS = YES_ERROR;
				CLANG_WARN_QUOTED_INCLUDE_IN_FRAMEWORK_HEADER = YES;
				CLANG_WARN_RANGE_LOOP_ANALYSIS = YES;
				CLANG_WARN_STRICT_PROTOTYPES = YES;
				CLANG_WARN_SUSPICIOUS_MOVE = YES;
				CLANG_WARN_UNGUARDED_AVAILABILITY = YES_AGGRESSIVE;
				CLANG_WARN_UNREACHABLE_CODE = YES;
				CLANG_WARN__DUPLICATE_METHOD_MATCH = YES;
				COPY_PHASE_STRIP = NO;
				DEBUG_INFORMATION_FORMAT = dwarf;
				ENABLE_STRICT_OBJC_MSGSEND = YES;
				ENABLE_TESTABILITY = YES;
				GCC_C_LANGUAGE_STANDARD = gnu11;
				GCC_DYNAMIC_NO_PIC = NO;
				GCC_NO_COMMON_BLOCKS = YES;
				GCC_OPTIMIZATION_LEVEL = 0;
				GCC_PREPROCESSOR_DEFINITIONS = (
					"DEBUG=1",
					"$(inherited)",
				);
				GCC_WARN_64_TO_32_BIT_CONVERSION = YES;
				GCC_WARN_ABOUT_RETURN_TYPE = YES_ERROR;
				GCC_WARN_UNDECLARED_SELECTOR = YES;
				GCC_WARN_UNINITIALIZED_AUTOS = YES_AGGRESSIVE;
				GCC_WARN_UNUSED_FUNCTION = YES;
				GCC_WARN_UNUSED_VARIABLE = YES;
				IPHONEOS_DEPLOYMENT_TARGET = 16.2;
				MTL_ENABLE_DEBUG_INFO = INCLUDE_SOURCE;
				MTL_FAST_MATH = YES;
				ONLY_ACTIVE_ARCH = YES;
				SDKROOT = iphoneos;
				SWIFT_ACTIVE_COMPILATION_CONDITIONS = DEBUG;
				SWIFT_OPTIMIZATION_LEVEL = "-Onone";
			};
			name = Debug;
		};
		C3C20E502A5AAE0E00C95473 /* Release */ = {
			isa = XCBuildConfiguration;
			buildSettings = {
				ALWAYS_SEARCH_USER_PATHS = NO;
				CLANG_ANALYZER_NONNULL = YES;
				CLANG_ANALYZER_NUMBER_OBJECT_CONVERSION = YES_AGGRESSIVE;
				CLANG_CXX_LANGUAGE_STANDARD = "gnu++20";
				CLANG_ENABLE_MODULES = YES;
				CLANG_ENABLE_OBJC_ARC = YES;
				CLANG_ENABLE_OBJC_WEAK = YES;
				CLANG_WARN_BLOCK_CAPTURE_AUTORELEASING = YES;
				CLANG_WARN_BOOL_CONVERSION = YES;
				CLANG_WARN_COMMA = YES;
				CLANG_WARN_CONSTANT_CONVERSION = YES;
				CLANG_WARN_DEPRECATED_OBJC_IMPLEMENTATIONS = YES;
				CLANG_WARN_DIRECT_OBJC_ISA_USAGE = YES_ERROR;
				CLANG_WARN_DOCUMENTATION_COMMENTS = YES;
				CLANG_WARN_EMPTY_BODY = YES;
				CLANG_WARN_ENUM_CONVERSION = YES;
				CLANG_WARN_INFINITE_RECURSION = YES;
				CLANG_WARN_INT_CONVERSION = YES;
				CLANG_WARN_NON_LITERAL_NULL_CONVERSION = YES;
				CLANG_WARN_OBJC_IMPLICIT_RETAIN_SELF = YES;
				CLANG_WARN_OBJC_LITERAL_CONVERSION = YES;
				CLANG_WARN_OBJC_ROOT_CLASS = YES_ERROR;
				CLANG_WARN_QUOTED_INCLUDE_IN_FRAMEWORK_HEADER = YES;
				CLANG_WARN_RANGE_LOOP_ANALYSIS = YES;
				CLANG_WARN_STRICT_PROTOTYPES = YES;
				CLANG_WARN_SUSPICIOUS_MOVE = YES;
				CLANG_WARN_UNGUARDED_AVAILABILITY = YES_AGGRESSIVE;
				CLANG_WARN_UNREACHABLE_CODE = YES;
				CLANG_WARN__DUPLICATE_METHOD_MATCH = YES;
				COPY_PHASE_STRIP = NO;
				DEBUG_INFORMATION_FORMAT = "dwarf-with-dsym";
				ENABLE_NS_ASSERTIONS = NO;
				ENABLE_STRICT_OBJC_MSGSEND = YES;
				GCC_C_LANGUAGE_STANDARD = gnu11;
				GCC_NO_COMMON_BLOCKS = YES;
				GCC_WARN_64_TO_32_BIT_CONVERSION = YES;
				GCC_WARN_ABOUT_RETURN_TYPE = YES_ERROR;
				GCC_WARN_UNDECLARED_SELECTOR = YES;
				GCC_WARN_UNINITIALIZED_AUTOS = YES_AGGRESSIVE;
				GCC_WARN_UNUSED_FUNCTION = YES;
				GCC_WARN_UNUSED_VARIABLE = YES;
				IPHONEOS_DEPLOYMENT_TARGET = 16.2;
				MTL_ENABLE_DEBUG_INFO = NO;
				MTL_FAST_MATH = YES;
				SDKROOT = iphoneos;
				SWIFT_COMPILATION_MODE = wholemodule;
				SWIFT_OPTIMIZATION_LEVEL = "-O";
				VALIDATE_PRODUCT = YES;
			};
			name = Release;
		};
		C3C20E522A5AAE0E00C95473 /* Debug */ = {
			isa = XCBuildConfiguration;
			buildSettings = {
				ASSETCATALOG_COMPILER_APPICON_NAME = AppIcon;
				ASSETCATALOG_COMPILER_GLOBAL_ACCENT_COLOR_NAME = AccentColor;
				CODE_SIGN_STYLE = Automatic;
				CURRENT_PROJECT_VERSION = 1;
				DEVELOPMENT_ASSET_PATHS = "\"calculator/Preview Content\"";
				ENABLE_PREVIEWS = YES;
				GENERATE_INFOPLIST_FILE = YES;
				INFOPLIST_KEY_UIApplicationSceneManifest_Generation = YES;
				INFOPLIST_KEY_UIApplicationSupportsIndirectInputEvents = YES;
				INFOPLIST_KEY_UILaunchScreen_Generation = YES;
				INFOPLIST_KEY_UISupportedInterfaceOrientations_iPad = "UIInterfaceOrientationPortrait UIInterfaceOrientationPortraitUpsideDown UIInterfaceOrientationLandscapeLeft UIInterfaceOrientationLandscapeRight";
				INFOPLIST_KEY_UISupportedInterfaceOrientations_iPhone = "UIInterfaceOrientationPortrait UIInterfaceOrientationLandscapeLeft UIInterfaceOrientationLandscapeRight";
				LD_RUNPATH_SEARCH_PATHS = (
					"$(inherited)",
					"@executable_path/Frameworks",
				);
				MARKETING_VERSION = 1.0;
				PRODUCT_BUNDLE_IDENTIFIER = DUC.calculator;
				PRODUCT_NAME = "$(TARGET_NAME)";
				SWIFT_EMIT_LOC_STRINGS = YES;
				SWIFT_VERSION = 5.0;
				TARGETED_DEVICE_FAMILY = "1,2";
			};
			name = Debug;
		};
		C3C20E532A5AAE0E00C95473 /* Release */ = {
			isa = XCBuildConfiguration;
			buildSettings = {
				ASSETCATALOG_COMPILER_APPICON_NAME = AppIcon;
				ASSETCATALOG_COMPILER_GLOBAL_ACCENT_COLOR_NAME = AccentColor;
				CODE_SIGN_STYLE = Automatic;
				CURRENT_PROJECT_VERSION = 1;
				DEVELOPMENT_ASSET_PATHS = "\"calculator/Preview Content\"";
				ENABLE_PREVIEWS = YES;
				GENERATE_INFOPLIST_FILE = YES;
				INFOPLIST_KEY_UIApplicationSceneManifest_Generation = YES;
				INFOPLIST_KEY_UIApplicationSupportsIndirectInputEvents = YES;
				INFOPLIST_KEY_UILaunchScreen_Generation = YES;
				INFOPLIST_KEY_UISupportedInterfaceOrientations_iPad = "UIInterfaceOrientationPortrait UIInterfaceOrientationPortraitUpsideDown UIInterfaceOrientationLandscapeLeft UIInterfaceOrientationLandscapeRight";
				INFOPLIST_KEY_UISupportedInterfaceOrientations_iPhone = "UIInterfaceOrientationPortrait UIInterfaceOrientationLandscapeLeft UIInterfaceOrientationLandscapeRight";
				LD_RUNPATH_SEARCH_PATHS = (
					"$(inherited)",
					"@executable_path/Frameworks",
				);
				MARKETING_VERSION = 1.0;
				PRODUCT_BUNDLE_IDENTIFIER = DUC.calculator;
				PRODUCT_NAME = "$(TARGET_NAME)";
				SWIFT_EMIT_LOC_STRINGS = YES;
				SWIFT_VERSION = 5.0;
				TARGETED_DEVICE_FAMILY = "1,2";
			};
			name = Release;
		};
		C3C20E552A5AAE0E00C95473 /* Debug */ = {
			isa = XCBuildConfiguration;
			buildSettings = {
				ALWAYS_EMBED_SWIFT_STANDARD_LIBRARIES = YES;
				BUNDLE_LOADER = "$(TEST_HOST)";
				CODE_SIGN_STYLE = Automatic;
				CURRENT_PROJECT_VERSION = 1;
				GENERATE_INFOPLIST_FILE = YES;
				IPHONEOS_DEPLOYMENT_TARGET = 16.2;
				MARKETING_VERSION = 1.0;
				PRODUCT_BUNDLE_IDENTIFIER = DUC.calculatorTests;
				PRODUCT_NAME = "$(TARGET_NAME)";
				SWIFT_EMIT_LOC_STRINGS = NO;
				SWIFT_VERSION = 5.0;
				TARGETED_DEVICE_FAMILY = "1,2";
				TEST_HOST = "$(BUILT_PRODUCTS_DIR)/calculator.app/$(BUNDLE_EXECUTABLE_FOLDER_PATH)/calculator";
			};
			name = Debug;
		};
		C3C20E562A5AAE0E00C95473 /* Release */ = {
			isa = XCBuildConfiguration;
			buildSettings = {
				ALWAYS_EMBED_SWIFT_STANDARD_LIBRARIES = YES;
				BUNDLE_LOADER = "$(TEST_HOST)";
				CODE_SIGN_STYLE = Automatic;
				CURRENT_PROJECT_VERSION = 1;
				GENERATE_INFOPLIST_FILE = YES;
				IPHONEOS_DEPLOYMENT_TARGET = 16.2;
				MARKETING_VERSION = 1.0;
				PRODUCT_BUNDLE_IDENTIFIER = DUC.calculatorTests;
				PRODUCT_NAME = "$(TARGET_NAME)";
				SWIFT_EMIT_LOC_STRINGS = NO;
				SWIFT_VERSION = 5.0;
				TARGETED_DEVICE_FAMILY = "1,2";
				TEST_HOST = "$(BUILT_PRODUCTS_DIR)/calculator.app/$(BUNDLE_EXECUTABLE_FOLDER_PATH)/calculator";
			};
			name = Release;
		};
		C3C20E582A5AAE0E00C95473 /* Debug */ = {
			isa = XCBuildConfiguration;
			buildSettings = {
				ALWAYS_EMBED_SWIFT_STANDARD_LIBRARIES = YES;
				CODE_SIGN_STYLE = Automatic;
				CURRENT_PROJECT_VERSION = 1;
				GENERATE_INFOPLIST_FILE = YES;
				MARKETING_VERSION = 1.0;
				PRODUCT_BUNDLE_IDENTIFIER = DUC.calculatorUITests;
				PRODUCT_NAME = "$(TARGET_NAME)";
				SWIFT_EMIT_LOC_STRINGS = NO;
				SWIFT_VERSION = 5.0;
				TARGETED_DEVICE_FAMILY = "1,2";
				TEST_TARGET_NAME = calculator;
			};
			name = Debug;
		};
		C3C20E592A5AAE0E00C95473 /* Release */ = {
			isa = XCBuildConfiguration;
			buildSettings = {
				ALWAYS_EMBED_SWIFT_STANDARD_LIBRARIES = YES;
				CODE_SIGN_STYLE = Automatic;
				CURRENT_PROJECT_VERSION = 1;
				GENERATE_INFOPLIST_FILE = YES;
				MARKETING_VERSION = 1.0;
				PRODUCT_BUNDLE_IDENTIFIER = DUC.calculatorUITests;
				PRODUCT_NAME = "$(TARGET_NAME)";
				SWIFT_EMIT_LOC_STRINGS = NO;
				SWIFT_VERSION = 5.0;
				TARGETED_DEVICE_FAMILY = "1,2";
				TEST_TARGET_NAME = calculator;
			};
			name = Release;
		};
/* End XCBuildConfiguration section */

/* Begin XCConfigurationList section */
		C3C20E282A5AAE0700C95473 /* Build configuration list for PBXProject "calculator" */ = {
			isa = XCConfigurationList;
			buildConfigurations = (
				C3C20E4F2A5AAE0E00C95473 /* Debug */,
				C3C20E502A5AAE0E00C95473 /* Release */,
			);
			defaultConfigurationIsVisible = 0;
			defaultConfigurationName = Release;
		};
		C3C20E512A5AAE0E00C95473 /* Build configuration list for PBXNativeTarget "calculator" */ = {
			isa = XCConfigurationList;
			buildConfigurations = (
				C3C20E522A5AAE0E00C95473 /* Debug */,
				C3C20E532A5AAE0E00C95473 /* Release */,
			);
			defaultConfigurationIsVisible = 0;
			defaultConfigurationName = Release;
		};
		C3C20E542A5AAE0E00C95473 /* Build configuration list for PBXNativeTarget "calculatorTests" */ = {
			isa = XCConfigurationList;
			buildConfigurations = (
				C3C20E552A5AAE0E00C95473 /* Debug */,
				C3C20E562A5AAE0E00C95473 /* Release */,
			);
			defaultConfigurationIsVisible = 0;
			defaultConfigurationName = Release;
		};
		C3C20E572A5AAE0E00C95473 /* Build configuration list for PBXNativeTarget "calculatorUITests" */ = {
			isa = XCConfigurationList;
			buildConfigurations = (
				C3C20E582A5AAE0E00C95473 /* Debug */,
				C3C20E592A5AAE0E00C95473 /* Release */,
			);
			defaultConfigurationIsVisible = 0;
			defaultConfigurationName = Release;
		};
/* End XCConfigurationList section */
	};
	rootObject = C3C20E252A5AAE0700C95473 /* Project object */;
}
